
Microsoft Visual Studio Solution File, Format Version 12.00
# Visual Studio 2012
Project("{FAE04EC0-301F-11D3-BF4B-00C04F79EFBC}") = "SampleApplication", "SampleApplication\SampleApplication.csproj", "{07D647B1-9049-48BF-9746-D7F06FBC0791}"
EndProject
Global
	GlobalSection(SolutionConfigurationPlatforms) = preSolution
		Debug|Any CPU = Debug|Any CPU
		Release|Any CPU = Release|Any CPU
	EndGlobalSection
	GlobalSection(ProjectConfigurationPlatforms) = postSolution
		{07D647B1-9049-48BF-9746-D7F06FBC0791}.Debug|Any CPU.ActiveCfg = Debug|Any CPU
		{07D647B1-9049-48BF-9746-D7F06FBC0791}.Debug|Any CPU.Build.0 = Debug|Any CPU
		{07D647B1-9049-48BF-9746-D7F06FBC0791}.Release|Any CPU.ActiveCfg = Release|Any CPU
		{07D647B1-9049-48BF-9746-D7F06FBC0791}.Release|Any CPU.Build.0 = Release|Any CPU
	EndGlobalSection
	GlobalSection(MonoDevelopProperties) = preSolution
		StartupItem = SampleApplication\SampleApplication.csproj
	EndGlobalSection
EndGlobal
